github.com/pebbe/dbxml v1.3.1 h1:36vm7gj4e4rYic6TaHT3MCt9EjaIJPqSjJGARSAjjxc=
github.com/pebbe/dbxml v1.3.1/go.mod h1:g5Nu8pQcuIsuZveVYYZmqgya//k4SLbtVhnZ6DDuyN4=
github.com/pebbe/util v0.0.0-20140716220158-e0e04dfe647c h1:v8sa96tiKlyli7NB08SpQAFLsvMhrYupxhpdBrCYH/E=
github.com/pebbe/util v0.0.0-20140716220158-e0e04dfe647c/go.mod h1:X/ocweApVYXiDQEEfsunYRI4UXw60Ea8u7fYf+aAaEU=
github.com/rug-compling/alpinods v1.12.4 h1:SkNFEcNhS8oD7QwaCdMOEfkUGtbW16ghdDFr+f0xX+k=
github.com/rug-compling/alpinods v1.12.4/go.mod h1:R3BBX8RIw9InVqHZ+1W+MsX8WX8uBkoVNNGE38mqF1Q=
github.com/rug-compling/alud v0.0.0-20210303123930-bfe4e1500e7c h1:cMInX6ZjXk+mo7KKFnNS3OuVj4pZXdTBvJphYBSRsrE=
github.com/rug-compling/alud v0.0.0-20210303123930-bfe4e1500e7c/go.mod h1:aPaq1bP1iihRPFwByYvFDxWta5xF17jhwfBtP/74q7I=
