github.com/pebbe/compactcorpus v1.0.1/go.mod h1:SSpTeCZataCjjs82RJb8SOGdjkB3PlR7Z19EY4rInoQ=
github.com/pebbe/util v0.9.0 h1:PMZd+CpWb8GbWEmFGlL3qd6XPuywl6xFIbrXWi870OA=
github.com/pebbe/util v0.9.0/go.mod h1:ynWl/SFX4+Seb9fpjVlYevr1f4TP7FrCmyZHiBCg69Q=
github.com/rug-compling/alpinods v1.16.2 h1:fsbjU4hy6o6GSPlBIuCR3m5zZUtHsk95HMm2c34We30=
github.com/rug-compling/alpinods v1.16.2/go.mod h1:R3BBX8RIw9InVqHZ+1W+MsX8WX8uBkoVNNGE38mqF1Q=
github.com/rug-compling/alud/v2 v2.13.0 h1:3ZFISvs4ssaA1L/N8VlB8bpQVHPIbd+iD0pSxCwxlfY=
github.com/rug-compling/alud/v2 v2.13.0/go.mod h1:ayWwNfOc9Rd7HNIBpJtffuhDHxt+VFxgfG1RtZ6569g=
