github.com/pebbe/compactcorpus v1.0.1/go.mod h1:SSpTeCZataCjjs82RJb8SOGdjkB3PlR7Z19EY4rInoQ=
github.com/pebbe/util v0.9.0 h1:PMZd+CpWb8GbWEmFGlL3qd6XPuywl6xFIbrXWi870OA=
github.com/pebbe/util v0.9.0/go.mod h1:ynWl/SFX4+Seb9fpjVlYevr1f4TP7FrCmyZHiBCg69Q=
github.com/rug-compling/alpinods v1.18.1 h1:BvPcCnNEQ1QoVSc0RmwJd3kZmvo4iqZ52/vFzVvFS7w=
github.com/rug-compling/alpinods v1.18.1/go.mod h1:R3BBX8RIw9InVqHZ+1W+MsX8WX8uBkoVNNGE38mqF1Q=
github.com/rug-compling/alud/v2 v2.17.3 h1:scE4ng1RSwVHIVC22NklkYXfEH5aUE9TFXH+HOT2x18=
github.com/rug-compling/alud/v2 v2.17.3/go.mod h1:fD+792RThhErwGt+aGk48XMR6Rn+eCjGNYvvfK3638g=
