github.com/pebbe/compactcorpus v1.0.1/go.mod h1:SSpTeCZataCjjs82RJb8SOGdjkB3PlR7Z19EY4rInoQ=
github.com/pebbe/util v0.9.0 h1:PMZd+CpWb8GbWEmFGlL3qd6XPuywl6xFIbrXWi870OA=
github.com/pebbe/util v0.9.0/go.mod h1:ynWl/SFX4+Seb9fpjVlYevr1f4TP7FrCmyZHiBCg69Q=
github.com/rug-compling/alpinods v1.18.0 h1:d+MyXeBi6z6NP5Zcpv5EfG0eBqo8C4GWwP4M0NeUz5g=
github.com/rug-compling/alpinods v1.18.0/go.mod h1:R3BBX8RIw9InVqHZ+1W+MsX8WX8uBkoVNNGE38mqF1Q=
github.com/rug-compling/alud/v2 v2.17.2 h1:GZaswgDH0LjF8T9ns93vz87NJ0RAFoyfNOyZQanzu4A=
github.com/rug-compling/alud/v2 v2.17.2/go.mod h1:vlja/lXkm/Jfw7N/iJXW34N1eWlLWXm2xYENxlKZC78=
